
Microsoft Visual Studio Solution File, Format Version 12.00
# Visual Studio Version 16
VisualStudioVersion = 16.0.30711.63
MinimumVisualStudioVersion = 10.0.40219.1
Project("{FAE04EC0-301F-11D3-BF4B-00C04F79EFBC}") = "CodersAcademy.API", "CodersAcademy.API\CodersAcademy.API.csproj", "{27002340-06E8-4DAF-8461-46FB1771ABF0}"
EndProject
Global
	GlobalSection(SolutionConfigurationPlatforms) = preSolution
		Debug|Any CPU = Debug|Any CPU
		Release|Any CPU = Release|Any CPU
	EndGlobalSection
	GlobalSection(ProjectConfigurationPlatforms) = postSolution
		{27002340-06E8-4DAF-8461-46FB1771ABF0}.Debug|Any CPU.ActiveCfg = Debug|Any CPU
		{27002340-06E8-4DAF-8461-46FB1771ABF0}.Debug|Any CPU.Build.0 = Debug|Any CPU
		{27002340-06E8-4DAF-8461-46FB1771ABF0}.Release|Any CPU.ActiveCfg = Release|Any CPU
		{27002340-06E8-4DAF-8461-46FB1771ABF0}.Release|Any CPU.Build.0 = Release|Any CPU
	EndGlobalSection
	GlobalSection(SolutionProperties) = preSolution
		HideSolutionNode = FALSE
	EndGlobalSection
	GlobalSection(ExtensibilityGlobals) = postSolution
		SolutionGuid = {0090D912-2F87-4F6F-96B4-0B8105B86895}
	EndGlobalSection
EndGlobal
